// !$*UTF8*$!
{
	archiveVersion = 1;
	classes = {
	};
	objectVersion = 77;
	objects = {

/* Begin PBXContainerItemProxy section */
		825DAAC22CBB8FD600AAB73B /* PBXContainerItemProxy */ = {
			isa = PBXContainerItemProxy;
			containerPortal = 825DAAA02CBB8FD400AAB73B /* Project object */;
			proxyType = 1;
			remoteGlobalIDString = 825DAAA72CBB8FD400AAB73B;
			remoteInfo = formularioDinamico;
		};
		825DAACC2CBB8FD600AAB73B /* PBXContainerItemProxy */ = {
			isa = PBXContainerItemProxy;
			containerPortal = 825DAAA02CBB8FD400AAB73B /* Project object */;
			proxyType = 1;
			remoteGlobalIDString = 825DAAA72CBB8FD400AAB73B;
			remoteInfo = formularioDinamico;
		};
/* End PBXContainerItemProxy section */

/* Begin PBXFileReference section */
		825DAAA82CBB8FD400AAB73B /* formularioDinamico.app */ = {isa = PBXFileReference; explicitFileType = wrapper.application; includeInIndex = 0; path = formularioDinamico.app; sourceTree = BUILT_PRODUCTS_DIR; };
		825DAAC12CBB8FD600AAB73B /* formularioDinamicoTests.xctest */ = {isa = PBXFileReference; explicitFileType = wrapper.cfbundle; includeInIndex = 0; path = formularioDinamicoTests.xctest; sourceTree = BUILT_PRODUCTS_DIR; };
		825DAACB2CBB8FD600AAB73B /* formularioDinamicoUITests.xctest */ = {isa = PBXFileReference; explicitFileType = wrapper.cfbundle; includeInIndex = 0; path = formularioDinamicoUITests.xctest; sourceTree = BUILT_PRODUCTS_DIR; };
/* End PBXFileReference section */

/* Begin PBXFileSystemSynchronizedBuildFileExceptionSet section */
		825DAAD32CBB8FD600AAB73B /* Exceptions for "formularioDinamico" folder in "formularioDinamico" target */ = {
			isa = PBXFileSystemSynchronizedBuildFileExceptionSet;
			membershipExceptions = (
				Info.plist,
			);
			target = 825DAAA72CBB8FD400AAB73B /* formularioDinamico */;
		};
/* End PBXFileSystemSynchronizedBuildFileExceptionSet section */

/* Begin PBXFileSystemSynchronizedRootGroup section */
		825DAAAA2CBB8FD400AAB73B /* formularioDinamico */ = {
			isa = PBXFileSystemSynchronizedRootGroup;
			exceptions = (
				825DAAD32CBB8FD600AAB73B /* Exceptions for "formularioDinamico" folder in "formularioDinamico" target */,
			);
			path = formularioDinamico;
			sourceTree = "<group>";
		};
		825DAAC42CBB8FD600AAB73B /* formularioDinamicoTests */ = {
			isa = PBXFileSystemSynchronizedRootGroup;
			path = formularioDinamicoTests;
			sourceTree = "<group>";
		};
		825DAACE2CBB8FD600AAB73B /* formularioDinamicoUITests */ = {
			isa = PBXFileSystemSynchronizedRootGroup;
			path = formularioDinamicoUITests;
			sourceTree = "<group>";
		};
/* End PBXFileSystemSynchronizedRootGroup section */

/* Begin PBXFrameworksBuildPhase section */
		825DAAA52CBB8FD400AAB73B /* Frameworks */ = {
			isa = PBXFrameworksBuildPhase;
			buildActionMask = 2147483647;
			files = (
			);
			runOnlyForDeploymentPostprocessing = 0;
		};
		825DAABE2CBB8FD600AAB73B /* Frameworks */ = {
			isa = PBXFrameworksBuildPhase;
			buildActionMask = 2147483647;
			files = (
			);
			runOnlyForDeploymentPostprocessing = 0;
		};
		825DAAC82CBB8FD600AAB73B /* Frameworks */ = {
			isa = PBXFrameworksBuildPhase;
			buildActionMask = 2147483647;
			files = (
			);
			runOnlyForDeploymentPostprocessing = 0;
		};
/* End PBXFrameworksBuildPhase section */

/* Begin PBXGroup section */
		825DAA9F2CBB8FD400AAB73B = {
			isa = PBXGroup;
			children = (
				825DAAAA2CBB8FD400AAB73B /* formularioDinamico */,
				825DAAC42CBB8FD600AAB73B /* formularioDinamicoTests */,
				825DAACE2CBB8FD600AAB73B /* formularioDinamicoUITests */,
				825DAAA92CBB8FD400AAB73B /* Products */,
			);
			sourceTree = "<group>";
		};
		825DAAA92CBB8FD400AAB73B /* Products */ = {
			isa = PBXGroup;
			children = (
				825DAAA82CBB8FD400AAB73B /* formularioDinamico.app */,
				825DAAC12CBB8FD600AAB73B /* formularioDinamicoTests.xctest */,
				825DAACB2CBB8FD600AAB73B /* formularioDinamicoUITests.xctest */,
			);
			name = Products;
			sourceTree = "<group>";
		};
/* End PBXGroup section */

/* Begin PBXNativeTarget section */
		825DAAA72CBB8FD400AAB73B /* formularioDinamico */ = {
			isa = PBXNativeTarget;
			buildConfigurationList = 825DAAD42CBB8FD600AAB73B /* Build configuration list for PBXNativeTarget "formularioDinamico" */;
			buildPhases = (
				825DAAA42CBB8FD400AAB73B /* Sources */,
				825DAAA52CBB8FD400AAB73B /* Frameworks */,
				825DAAA62CBB8FD400AAB73B /* Resources */,
			);
			buildRules = (
			);
			dependencies = (
			);
			fileSystemSynchronizedGroups = (
				825DAAAA2CBB8FD400AAB73B /* formularioDinamico */,
			);
			name = formularioDinamico;
			packageProductDependencies = (
			);
			productName = formularioDinamico;
			productReference = 825DAAA82CBB8FD400AAB73B /* formularioDinamico.app */;
			productType = "com.apple.product-type.application";
		};
		825DAAC02CBB8FD600AAB73B /* formularioDinamicoTests */ = {
			isa = PBXNativeTarget;
			buildConfigurationList = 825DAAD92CBB8FD600AAB73B /* Build configuration list for PBXNativeTarget "formularioDinamicoTests" */;
			buildPhases = (
				825DAABD2CBB8FD600AAB73B /* Sources */,
				825DAABE2CBB8FD600AAB73B /* Frameworks */,
				825DAABF2CBB8FD600AAB73B /* Resources */,
			);
			buildRules = (
			);
			dependencies = (
				825DAAC32CBB8FD600AAB73B /* PBXTargetDependency */,
			);
			fileSystemSynchronizedGroups = (
				825DAAC42CBB8FD600AAB73B /* formularioDinamicoTests */,
			);
			name = formularioDinamicoTests;
			packageProductDependencies = (
			);
			productName = formularioDinamicoTests;
			productReference = 825DAAC12CBB8FD600AAB73B /* formularioDinamicoTests.xctest */;
			productType = "com.apple.product-type.bundle.unit-test";
		};
		825DAACA2CBB8FD600AAB73B /* formularioDinamicoUITests */ = {
			isa = PBXNativeTarget;
			buildConfigurationList = 825DAADC2CBB8FD600AAB73B /* Build configuration list for PBXNativeTarget "formularioDinamicoUITests" */;
			buildPhases = (
				825DAAC72CBB8FD600AAB73B /* Sources */,
				825DAAC82CBB8FD600AAB73B /* Frameworks */,
				825DAAC92CBB8FD600AAB73B /* Resources */,
			);
			buildRules = (
			);
			dependencies = (
				825DAACD2CBB8FD600AAB73B /* PBXTargetDependency */,
			);
			fileSystemSynchronizedGroups = (
				825DAACE2CBB8FD600AAB73B /* formularioDinamicoUITests */,
			);
			name = formularioDinamicoUITests;
			packageProductDependencies = (
			);
			productName = formularioDinamicoUITests;
			productReference = 825DAACB2CBB8FD600AAB73B /* formularioDinamicoUITests.xctest */;
			productType = "com.apple.product-type.bundle.ui-testing";
		};
/* End PBXNativeTarget section */

/* Begin PBXProject section */
		825DAAA02CBB8FD400AAB73B /* Project object */ = {
			isa = PBXProject;
			attributes = {
				BuildIndependentTargetsInParallel = 1;
				LastSwiftUpdateCheck = 1600;
				LastUpgradeCheck = 1600;
				TargetAttributes = {
					825DAAA72CBB8FD400AAB73B = {
						CreatedOnToolsVersion = 16.0;
					};
					825DAAC02CBB8FD600AAB73B = {
						CreatedOnToolsVersion = 16.0;
						TestTargetID = 825DAAA72CBB8FD400AAB73B;
					};
					825DAACA2CBB8FD600AAB73B = {
						CreatedOnToolsVersion = 16.0;
						TestTargetID = 825DAAA72CBB8FD400AAB73B;
					};
				};
			};
			buildConfigurationList = 825DAAA32CBB8FD400AAB73B /* Build configuration list for PBXProject "formularioDinamico" */;
			developmentRegion = en;
			hasScannedForEncodings = 0;
			knownRegions = (
				en,
				Base,
			);
			mainGroup = 825DAA9F2CBB8FD400AAB73B;
			minimizedProjectReferenceProxies = 1;
			preferredProjectObjectVersion = 77;
			productRefGroup = 825DAAA92CBB8FD400AAB73B /* Products */;
			projectDirPath = "";
			projectRoot = "";
			targets = (
				825DAAA72CBB8FD400AAB73B /* formularioDinamico */,
				825DAAC02CBB8FD600AAB73B /* formularioDinamicoTests */,
				825DAACA2CBB8FD600AAB73B /* formularioDinamicoUITests */,
			);
		};
/* End PBXProject section */

/* Begin PBXResourcesBuildPhase section */
		825DAAA62CBB8FD400AAB73B /* Resources */ = {
			isa = PBXResourcesBuildPhase;
			buildActionMask = 2147483647;
			files = (
			);
			runOnlyForDeploymentPostprocessing = 0;
		};
		825DAABF2CBB8FD600AAB73B /* Resources */ = {
			isa = PBXResourcesBuildPhase;
			buildActionMask = 2147483647;
			files = (
			);
			runOnlyForDeploymentPostprocessing = 0;
		};
		825DAAC92CBB8FD600AAB73B /* Resources */ = {
			isa = PBXResourcesBuildPhase;
			buildActionMask = 2147483647;
			files = (
			);
			runOnlyForDeploymentPostprocessing = 0;
		};
/* End PBXResourcesBuildPhase section */

/* Begin PBXSourcesBuildPhase section */
		825DAAA42CBB8FD400AAB73B /* Sources */ = {
			isa = PBXSourcesBuildPhase;
			buildActionMask = 2147483647;
			files = (
			);
			runOnlyForDeploymentPostprocessing = 0;
		};
		825DAABD2CBB8FD600AAB73B /* Sources */ = {
			isa = PBXSourcesBuildPhase;
			buildActionMask = 2147483647;
			files = (
			);
			runOnlyForDeploymentPostprocessing = 0;
		};
		825DAAC72CBB8FD600AAB73B /* Sources */ = {
			isa = PBXSourcesBuildPhase;
			buildActionMask = 2147483647;
			files = (
			);
			runOnlyForDeploymentPostprocessing = 0;
		};
/* End PBXSourcesBuildPhase section */

/* Begin PBXTargetDependency section */
		825DAAC32CBB8FD600AAB73B /* PBXTargetDependency */ = {
			isa = PBXTargetDependency;
			target = 825DAAA72CBB8FD400AAB73B /* formularioDinamico */;
			targetProxy = 825DAAC22CBB8FD600AAB73B /* PBXContainerItemProxy */;
		};
		825DAACD2CBB8FD600AAB73B /* PBXTargetDependency */ = {
			isa = PBXTargetDependency;
			target = 825DAAA72CBB8FD400AAB73B /* formularioDinamico */;
			targetProxy = 825DAACC2CBB8FD600AAB73B /* PBXContainerItemProxy */;
		};
/* End PBXTargetDependency section */

/* Begin XCBuildConfiguration section */
		825DAAD52CBB8FD600AAB73B /* Debug */ = {
			isa = XCBuildConfiguration;
			buildSettings = {
				ASSETCATALOG_COMPILER_APPICON_NAME = AppIcon;
				ASSETCATALOG_COMPILER_GLOBAL_ACCENT_COLOR_NAME = AccentColor;
				CODE_SIGN_STYLE = Automatic;
				CURRENT_PROJECT_VERSION = 1;
				DEVELOPMENT_TEAM = 2365W7GK84;
				GENERATE_INFOPLIST_FILE = YES;
				INFOPLIST_FILE = formularioDinamico/Info.plist;
				INFOPLIST_KEY_UIApplicationSupportsIndirectInputEvents = YES;
				INFOPLIST_KEY_UILaunchStoryboardName = LaunchScreen;
				INFOPLIST_KEY_UISupportedInterfaceOrientations_iPad = "UIInterfaceOrientationPortrait UIInterfaceOrientationPortraitUpsideDown UIInterfaceOrientationLandscapeLeft UIInterfaceOrientationLandscapeRight";
				INFOPLIST_KEY_UISupportedInterfaceOrientations_iPhone = "UIInterfaceOrientationPortrait UIInterfaceOrientationLandscapeLeft UIInterfaceOrientationLandscapeRight";
				LD_RUNPATH_SEARCH_PATHS = (
					"$(inherited)",
					"@executable_path/Frameworks",
				);
				MARKETING_VERSION = 1.0;
				PRODUCT_BUNDLE_IDENTIFIER = hazelalain.formularioDinamico;
				PRODUCT_NAME = "$(TARGET_NAME)";
				SWIFT_EMIT_LOC_STRINGS = YES;
				SWIFT_VERSION = 5.0;
				TARGETED_DEVICE_FAMILY = "1,2";
			};
			name = Debug;
		};
		825DAAD62CBB8FD600AAB73B /* Release */ = {
			isa = XCBuildConfiguration;
			buildSettings = {
				ASSETCATALOG_COMPILER_APPICON_NAME = AppIcon;
				ASSETCATALOG_COMPILER_GLOBAL_ACCENT_COLOR_NAME = AccentColor;
				CODE_SIGN_STYLE = Automatic;
				CURRENT_PROJECT_VERSION = 1;
				DEVELOPMENT_TEAM = 2365W7GK84;
				GENERATE_INFOPLIST_FILE = YES;
				INFOPLIST_FILE = formularioDinamico/Info.plist;
				INFOPLIST_KEY_UIApplicationSupportsIndirectInputEvents = YES;
				INFOPLIST_KEY_UILaunchStoryboardName = LaunchScreen;
				INFOPLIST_KEY_UISupportedInterfaceOrientations_iPad = "UIInterfaceOrientationPortrait UIInterfaceOrientationPortraitUpsideDown UIInterfaceOrientationLandscapeLeft UIInterfaceOrientationLandscapeRight";
				INFOPLIST_KEY_UISupportedInterfaceOrientations_iPhone = "UIInterfaceOrientationPortrait UIInterfaceOrientationLandscapeLeft UIInterfaceOrientationLandscapeRight";
				LD_RUNPATH_SEARCH_PATHS = (
					"$(inherited)",
					"@executable_path/Frameworks",
				);
				MARKETING_VERSION = 1.0;
				PRODUCT_BUNDLE_IDENTIFIER = hazelalain.formularioDinamico;
				PRODUCT_NAME = "$(TARGET_NAME)";
				SWIFT_EMIT_LOC_STRINGS = YES;
				SWIFT_VERSION = 5.0;
				TARGETED_DEVICE_FAMILY = "1,2";
			};
			name = Release;
		};
		825DAAD72CBB8FD600AAB73B /* Debug */ = {
			isa = XCBuildConfiguration;
			buildSettings = {
				ALWAYS_SEARCH_USER_PATHS = NO;
				ASSETCATALOG_COMPILER_GENERATE_SWIFT_ASSET_SYMBOL_EXTENSIONS = YES;
				CLANG_ANALYZER_NONNULL = YES;
				CLANG_ANALYZER_NUMBER_OBJECT_CONVERSION = YES_AGGRESSIVE;
				CLANG_CXX_LANGUAGE_STANDARD = "gnu++20";
				CLANG_ENABLE_MODULES = YES;
				CLANG_ENABLE_OBJC_ARC = YES;
				CLANG_ENABLE_OBJC_WEAK = YES;
				CLANG_WARN_BLOCK_CAPTURE_AUTORELEASING = YES;
				CLANG_WARN_BOOL_CONVERSION = YES;
				CLANG_WARN_COMMA = YES;
				CLANG_WARN_CONSTANT_CONVERSION = YES;
				CLANG_WARN_DEPRECATED_OBJC_IMPLEMENTATIONS = YES;
				CLANG_WARN_DIRECT_OBJC_ISA_USAGE = YES_ERROR;
				CLANG_WARN_DOCUMENTATION_COMMENTS = YES;
				CLANG_WARN_EMPTY_BODY = YES;
				CLANG_WARN_ENUM_CONVERSION = YES;
				CLANG_WARN_INFINITE_RECURSION = YES;
				CLANG_WARN_INT_CONVERSION = YES;
				CLANG_WARN_NON_LITERAL_NULL_CONVERSION = YES;
				CLANG_WARN_OBJC_IMPLICIT_RETAIN_SELF = YES;
				CLANG_WARN_OBJC_LITERAL_CONVERSION = YES;
				CLANG_WARN_OBJC_ROOT_CLASS = YES_ERROR;
				CLANG_WARN_QUOTED_INCLUDE_IN_FRAMEWORK_HEADER = YES;
				CLANG_WARN_RANGE_LOOP_ANALYSIS = YES;
				CLANG_WARN_STRICT_PROTOTYPES = YES;
				CLANG_WARN_SUSPICIOUS_MOVE = YES;
				CLANG_WARN_UNGUARDED_AVAILABILITY = YES_AGGRESSIVE;
				CLANG_WARN_UNREACHABLE_CODE = YES;
				CLANG_WARN__DUPLICATE_METHOD_MATCH = YES;
				COPY_PHASE_STRIP = NO;
				DEBUG_INFORMATION_FORMAT = dwarf;
				ENABLE_STRICT_OBJC_MSGSEND = YES;
				ENABLE_TESTABILITY = YES;
				ENABLE_USER_SCRIPT_SANDBOXING = YES;
				GCC_C_LANGUAGE_STANDARD = gnu17;
				GCC_DYNAMIC_NO_PIC = NO;
				GCC_NO_COMMON_BLOCKS = YES;
				GCC_OPTIMIZATION_LEVEL = 0;
				GCC_PREPROCESSOR_DEFINITIONS = (
					"DEBUG=1",
					"$(inherited)",
				);
				GCC_WARN_64_TO_32_BIT_CONVERSION = YES;
				GCC_WARN_ABOUT_RETURN_TYPE = YES_ERROR;
				GCC_WARN_UNDECLARED_SELECTOR = YES;
				GCC_WARN_UNINITIALIZED_AUTOS = YES_AGGRESSIVE;
				GCC_WARN_UNUSED_FUNCTION = YES;
				GCC_WARN_UNUSED_VARIABLE = YES;
				IPHONEOS_DEPLOYMENT_TARGET = 18.0;
				LOCALIZATION_PREFERS_STRING_CATALOGS = YES;
				MTL_ENABLE_DEBUG_INFO = INCLUDE_SOURCE;
				MTL_FAST_MATH = YES;
				ONLY_ACTIVE_ARCH = YES;
				SDKROOT = iphoneos;
				SWIFT_ACTIVE_COMPILATION_CONDITIONS = "DEBUG $(inherited)";
				SWIFT_OPTIMIZATION_LEVEL = "-Onone";
			};
			name = Debug;
		};
		825DAAD82CBB8FD600AAB73B /* Release */ = {
			isa = XCBuildConfiguration;
			buildSettings = {
				ALWAYS_SEARCH_USER_PATHS = NO;
				ASSETCATALOG_COMPILER_GENERATE_SWIFT_ASSET_SYMBOL_EXTENSIONS = YES;
				CLANG_ANALYZER_NONNULL = YES;
				CLANG_ANALYZER_NUMBER_OBJECT_CONVERSION = YES_AGGRESSIVE;
				CLANG_CXX_LANGUAGE_STANDARD = "gnu++20";
				CLANG_ENABLE_MODULES = YES;
				CLANG_ENABLE_OBJC_ARC = YES;
				CLANG_ENABLE_OBJC_WEAK = YES;
				CLANG_WARN_BLOCK_CAPTURE_AUTORELEASING = YES;
				CLANG_WARN_BOOL_CONVERSION = YES;
				CLANG_WARN_COMMA = YES;
				CLANG_WARN_CONSTANT_CONVERSION = YES;
				CLANG_WARN_DEPRECATED_OBJC_IMPLEMENTATIONS = YES;
				CLANG_WARN_DIRECT_OBJC_ISA_USAGE = YES_ERROR;
				CLANG_WARN_DOCUMENTATION_COMMENTS = YES;
				CLANG_WARN_EMPTY_BODY = YES;
				CLANG_WARN_ENUM_CONVERSION = YES;
				CLANG_WARN_INFINITE_RECURSION = YES;
				CLANG_WARN_INT_CONVERSION = YES;
				CLANG_WARN_NON_LITERAL_NULL_CONVERSION = YES;
				CLANG_WARN_OBJC_IMPLICIT_RETAIN_SELF = YES;
				CLANG_WARN_OBJC_LITERAL_CONVERSION = YES;
				CLANG_WARN_OBJC_ROOT_CLASS = YES_ERROR;
				CLANG_WARN_QUOTED_INCLUDE_IN_FRAMEWORK_HEADER = YES;
				CLANG_WARN_RANGE_LOOP_ANALYSIS = YES;
				CLANG_WARN_STRICT_PROTOTYPES = YES;
				CLANG_WARN_SUSPICIOUS_MOVE = YES;
				CLANG_WARN_UNGUARDED_AVAILABILITY = YES_AGGRESSIVE;
				CLANG_WARN_UNREACHABLE_CODE = YES;
				CLANG_WARN__DUPLICATE_METHOD_MATCH = YES;
				COPY_PHASE_STRIP = NO;
				DEBUG_INFORMATION_FORMAT = "dwarf-with-dsym";
				ENABLE_NS_ASSERTIONS = NO;
				ENABLE_STRICT_OBJC_MSGSEND = YES;
				ENABLE_USER_SCRIPT_SANDBOXING = YES;
				GCC_C_LANGUAGE_STANDARD = gnu17;
				GCC_NO_COMMON_BLOCKS = YES;
				GCC_WARN_64_TO_32_BIT_CONVERSION = YES;
				GCC_WARN_ABOUT_RETURN_TYPE = YES_ERROR;
				GCC_WARN_UNDECLARED_SELECTOR = YES;
				GCC_WARN_UNINITIALIZED_AUTOS = YES_AGGRESSIVE;
				GCC_WARN_UNUSED_FUNCTION = YES;
				GCC_WARN_UNUSED_VARIABLE = YES;
				IPHONEOS_DEPLOYMENT_TARGET = 18.0;
				LOCALIZATION_PREFERS_STRING_CATALOGS = YES;
				MTL_ENABLE_DEBUG_INFO = NO;
				MTL_FAST_MATH = YES;
				SDKROOT = iphoneos;
				SWIFT_COMPILATION_MODE = wholemodule;
				VALIDATE_PRODUCT = YES;
			};
			name = Release;
		};
		825DAADA2CBB8FD600AAB73B /* Debug */ = {
			isa = XCBuildConfiguration;
			buildSettings = {
				BUNDLE_LOADER = "$(TEST_HOST)";
				CODE_SIGN_STYLE = Automatic;
				CURRENT_PROJECT_VERSION = 1;
				DEVELOPMENT_TEAM = 2365W7GK84;
				GENERATE_INFOPLIST_FILE = YES;
				IPHONEOS_DEPLOYMENT_TARGET = 18.0;
				MARKETING_VERSION = 1.0;
				PRODUCT_BUNDLE_IDENTIFIER = hazelalain.formularioDinamicoTests;
				PRODUCT_NAME = "$(TARGET_NAME)";
				SWIFT_EMIT_LOC_STRINGS = NO;
				SWIFT_VERSION = 5.0;
				TARGETED_DEVICE_FAMILY = "1,2";
				TEST_HOST = "$(BUILT_PRODUCTS_DIR)/formularioDinamico.app/$(BUNDLE_EXECUTABLE_FOLDER_PATH)/formularioDinamico";
			};
			name = Debug;
		};
		825DAADB2CBB8FD600AAB73B /* Release */ = {
			isa = XCBuildConfiguration;
			buildSettings = {
				BUNDLE_LOADER = "$(TEST_HOST)";
				CODE_SIGN_STYLE = Automatic;
				CURRENT_PROJECT_VERSION = 1;
				DEVELOPMENT_TEAM = 2365W7GK84;
				GENERATE_INFOPLIST_FILE = YES;
				IPHONEOS_DEPLOYMENT_TARGET = 18.0;
				MARKETING_VERSION = 1.0;
				PRODUCT_BUNDLE_IDENTIFIER = hazelalain.formularioDinamicoTests;
				PRODUCT_NAME = "$(TARGET_NAME)";
				SWIFT_EMIT_LOC_STRINGS = NO;
				SWIFT_VERSION = 5.0;
				TARGETED_DEVICE_FAMILY = "1,2";
				TEST_HOST = "$(BUILT_PRODUCTS_DIR)/formularioDinamico.app/$(BUNDLE_EXECUTABLE_FOLDER_PATH)/formularioDinamico";
			};
			name = Release;
		};
		825DAADD2CBB8FD600AAB73B /* Debug */ = {
			isa = XCBuildConfiguration;
			buildSettings = {
				CODE_SIGN_STYLE = Automatic;
				CURRENT_PROJECT_VERSION = 1;
				DEVELOPMENT_TEAM = 2365W7GK84;
				GENERATE_INFOPLIST_FILE = YES;
				MARKETING_VERSION = 1.0;
				PRODUCT_BUNDLE_IDENTIFIER = hazelalain.formularioDinamicoUITests;
				PRODUCT_NAME = "$(TARGET_NAME)";
				SWIFT_EMIT_LOC_STRINGS = NO;
				SWIFT_VERSION = 5.0;
				TARGETED_DEVICE_FAMILY = "1,2";
				TEST_TARGET_NAME = formularioDinamico;
			};
			name = Debug;
		};
		825DAADE2CBB8FD600AAB73B /* Release */ = {
			isa = XCBuildConfiguration;
			buildSettings = {
				CODE_SIGN_STYLE = Automatic;
				CURRENT_PROJECT_VERSION = 1;
				DEVELOPMENT_TEAM = 2365W7GK84;
				GENERATE_INFOPLIST_FILE = YES;
				MARKETING_VERSION = 1.0;
				PRODUCT_BUNDLE_IDENTIFIER = hazelalain.formularioDinamicoUITests;
				PRODUCT_NAME = "$(TARGET_NAME)";
				SWIFT_EMIT_LOC_STRINGS = NO;
				SWIFT_VERSION = 5.0;
				TARGETED_DEVICE_FAMILY = "1,2";
				TEST_TARGET_NAME = formularioDinamico;
			};
			name = Release;
		};
/* End XCBuildConfiguration section */

/* Begin XCConfigurationList section */
		825DAAA32CBB8FD400AAB73B /* Build configuration list for PBXProject "formularioDinamico" */ = {
			isa = XCConfigurationList;
			buildConfigurations = (
				825DAAD72CBB8FD600AAB73B /* Debug */,
				825DAAD82CBB8FD600AAB73B /* Release */,
			);
			defaultConfigurationIsVisible = 0;
			defaultConfigurationName = Release;
		};
		825DAAD42CBB8FD600AAB73B /* Build configuration list for PBXNativeTarget "formularioDinamico" */ = {
			isa = XCConfigurationList;
			buildConfigurations = (
				825DAAD52CBB8FD600AAB73B /* Debug */,
				825DAAD62CBB8FD600AAB73B /* Release */,
			);
			defaultConfigurationIsVisible = 0;
			defaultConfigurationName = Release;
		};
		825DAAD92CBB8FD600AAB73B /* Build configuration list for PBXNativeTarget "formularioDinamicoTests" */ = {
			isa = XCConfigurationList;
			buildConfigurations = (
				825DAADA2CBB8FD600AAB73B /* Debug */,
				825DAADB2CBB8FD600AAB73B /* Release */,
			);
			defaultConfigurationIsVisible = 0;
			defaultConfigurationName = Release;
		};
		825DAADC2CBB8FD600AAB73B /* Build configuration list for PBXNativeTarget "formularioDinamicoUITests" */ = {
			isa = XCConfigurationList;
			buildConfigurations = (
				825DAADD2CBB8FD600AAB73B /* Debug */,
				825DAADE2CBB8FD600AAB73B /* Release */,
			);
			defaultConfigurationIsVisible = 0;
			defaultConfigurationName = Release;
		};
/* End XCConfigurationList section */
	};
	rootObject = 825DAAA02CBB8FD400AAB73B /* Project object */;
}
